// !$*UTF8*$!
{
	archiveVersion = 1;
	classes = {
	};
	objectVersion = 46;
	objects = {

/* Begin PBXBuildFile section */
		941DD7F71C9A36D9002767BF /* PlaySoundsViewController.swift in Sources */ = {isa = PBXBuildFile; fileRef = 941DD7F61C9A36D9002767BF /* PlaySoundsViewController.swift */; };
		941DD7FB1C9B1FE4002767BF /* movie_quote.mp3 in Resources */ = {isa = PBXBuildFile; fileRef = 941DD7FA1C9B1FE4002767BF /* movie_quote.mp3 */; };
		941DD7FD1C9C82F2002767BF /* Globals.swift in Sources */ = {isa = PBXBuildFile; fileRef = 941DD7FC1C9C82F2002767BF /* Globals.swift */; };
		941DD7FF1C9F9D6D002767BF /* RecordedAudio.swift in Sources */ = {isa = PBXBuildFile; fileRef = 941DD7FE1C9F9D6D002767BF /* RecordedAudio.swift */; };
		94E26F131C9A208D000AEAFE /* AppDelegate.swift in Sources */ = {isa = PBXBuildFile; fileRef = 94E26F121C9A208D000AEAFE /* AppDelegate.swift */; };
		94E26F151C9A208D000AEAFE /* RecordSoundsViewController.swift in Sources */ = {isa = PBXBuildFile; fileRef = 94E26F141C9A208D000AEAFE /* RecordSoundsViewController.swift */; };
		94E26F181C9A208D000AEAFE /* Main.storyboard in Resources */ = {isa = PBXBuildFile; fileRef = 94E26F161C9A208D000AEAFE /* Main.storyboard */; };
		94E26F1A1C9A208D000AEAFE /* Assets.xcassets in Resources */ = {isa = PBXBuildFile; fileRef = 94E26F191C9A208D000AEAFE /* Assets.xcassets */; };
		94E26F1D1C9A208D000AEAFE /* LaunchScreen.storyboard in Resources */ = {isa = PBXBuildFile; fileRef = 94E26F1B1C9A208D000AEAFE /* LaunchScreen.storyboard */; };
		94E26F281C9A208E000AEAFE /* Pitch_PerfectTests.swift in Sources */ = {isa = PBXBuildFile; fileRef = 94E26F271C9A208E000AEAFE /* Pitch_PerfectTests.swift */; };
		94E26F331C9A208E000AEAFE /* Pitch_PerfectUITests.swift in Sources */ = {isa = PBXBuildFile; fileRef = 94E26F321C9A208E000AEAFE /* Pitch_PerfectUITests.swift */; };
/* End PBXBuildFile section */

/* Begin PBXContainerItemProxy section */
		94E26F241C9A208E000AEAFE /* PBXContainerItemProxy */ = {
			isa = PBXContainerItemProxy;
			containerPortal = 94E26F071C9A208D000AEAFE /* Project object */;
			proxyType = 1;
			remoteGlobalIDString = 94E26F0E1C9A208D000AEAFE;
			remoteInfo = "Pitch Perfect";
		};
		94E26F2F1C9A208E000AEAFE /* PBXContainerItemProxy */ = {
			isa = PBXContainerItemProxy;
			containerPortal = 94E26F071C9A208D000AEAFE /* Project object */;
			proxyType = 1;
			remoteGlobalIDString = 94E26F0E1C9A208D000AEAFE;
			remoteInfo = "Pitch Perfect";
		};
/* End PBXContainerItemProxy section */

/* Begin PBXFileReference section */
		941DD7F61C9A36D9002767BF /* PlaySoundsViewController.swift */ = {isa = PBXFileReference; fileEncoding = 4; lastKnownFileType = sourcecode.swift; path = PlaySoundsViewController.swift; sourceTree = "<group>"; };
		941DD7FA1C9B1FE4002767BF /* movie_quote.mp3 */ = {isa = PBXFileReference; lastKnownFileType = audio.mp3; name = movie_quote.mp3; path = "../../Resources/Pitch Perfect/movie_quote.mp3"; sourceTree = "<group>"; };
		941DD7FC1C9C82F2002767BF /* Globals.swift */ = {isa = PBXFileReference; fileEncoding = 4; lastKnownFileType = sourcecode.swift; path = Globals.swift; sourceTree = "<group>"; };
		941DD7FE1C9F9D6D002767BF /* RecordedAudio.swift */ = {isa = PBXFileReference; fileEncoding = 4; lastKnownFileType = sourcecode.swift; path = RecordedAudio.swift; sourceTree = "<group>"; };
		94E26F0F1C9A208D000AEAFE /* Pitch Perfect.app */ = {isa = PBXFileReference; explicitFileType = wrapper.application; includeInIndex = 0; path = "Pitch Perfect.app"; sourceTree = BUILT_PRODUCTS_DIR; };
		94E26F121C9A208D000AEAFE /* AppDelegate.swift */ = {isa = PBXFileReference; lastKnownFileType = sourcecode.swift; path = AppDelegate.swift; sourceTree = "<group>"; };
		94E26F141C9A208D000AEAFE /* RecordSoundsViewController.swift */ = {isa = PBXFileReference; lastKnownFileType = sourcecode.swift; path = RecordSoundsViewController.swift; sourceTree = "<group>"; };
		94E26F171C9A208D000AEAFE /* Base */ = {isa = PBXFileReference; lastKnownFileType = file.storyboard; name = Base; path = Base.lproj/Main.storyboard; sourceTree = "<group>"; };
		94E26F191C9A208D000AEAFE /* Assets.xcassets */ = {isa = PBXFileReference; lastKnownFileType = folder.assetcatalog; path = Assets.xcassets; sourceTree = "<group>"; };
		94E26F1C1C9A208D000AEAFE /* Base */ = {isa = PBXFileReference; lastKnownFileType = file.storyboard; name = Base; path = Base.lproj/LaunchScreen.storyboard; sourceTree = "<group>"; };
		94E26F1E1C9A208D000AEAFE /* Info.plist */ = {isa = PBXFileReference; lastKnownFileType = text.plist.xml; path = Info.plist; sourceTree = "<group>"; };
		94E26F231C9A208E000AEAFE /* Pitch PerfectTests.xctest */ = {isa = PBXFileReference; explicitFileType = wrapper.cfbundle; includeInIndex = 0; path = "Pitch PerfectTests.xctest"; sourceTree = BUILT_PRODUCTS_DIR; };
		94E26F271C9A208E000AEAFE /* Pitch_PerfectTests.swift */ = {isa = PBXFileReference; lastKnownFileType = sourcecode.swift; path = Pitch_PerfectTests.swift; sourceTree = "<group>"; };
		94E26F291C9A208E000AEAFE /* Info.plist */ = {isa = PBXFileReference; lastKnownFileType = text.plist.xml; path = Info.plist; sourceTree = "<group>"; };
		94E26F2E1C9A208E000AEAFE /* Pitch PerfectUITests.xctest */ = {isa = PBXFileReference; explicitFileType = wrapper.cfbundle; includeInIndex = 0; path = "Pitch PerfectUITests.xctest"; sourceTree = BUILT_PRODUCTS_DIR; };
		94E26F321C9A208E000AEAFE /* Pitch_PerfectUITests.swift */ = {isa = PBXFileReference; lastKnownFileType = sourcecode.swift; path = Pitch_PerfectUITests.swift; sourceTree = "<group>"; };
		94E26F341C9A208E000AEAFE /* Info.plist */ = {isa = PBXFileReference; lastKnownFileType = text.plist.xml; path = Info.plist; sourceTree = "<group>"; };
/* End PBXFileReference section */

/* Begin PBXFrameworksBuildPhase section */
		94E26F0C1C9A208D000AEAFE /* Frameworks */ = {
			isa = PBXFrameworksBuildPhase;
			buildActionMask = 2147483647;
			files = (
			);
			runOnlyForDeploymentPostprocessing = 0;
		};
		94E26F201C9A208E000AEAFE /* Frameworks */ = {
			isa = PBXFrameworksBuildPhase;
			buildActionMask = 2147483647;
			files = (
			);
			runOnlyForDeploymentPostprocessing = 0;
		};
		94E26F2B1C9A208E000AEAFE /* Frameworks */ = {
			isa = PBXFrameworksBuildPhase;
			buildActionMask = 2147483647;
			files = (
			);
			runOnlyForDeploymentPostprocessing = 0;
		};
/* End PBXFrameworksBuildPhase section */

/* Begin PBXGroup section */
		94E26F061C9A208D000AEAFE = {
			isa = PBXGroup;
			children = (
				94E26F111C9A208D000AEAFE /* Pitch Perfect */,
				94E26F261C9A208E000AEAFE /* Pitch PerfectTests */,
				94E26F311C9A208E000AEAFE /* Pitch PerfectUITests */,
				94E26F101C9A208D000AEAFE /* Products */,
			);
			sourceTree = "<group>";
		};
		94E26F101C9A208D000AEAFE /* Products */ = {
			isa = PBXGroup;
			children = (
				94E26F0F1C9A208D000AEAFE /* Pitch Perfect.app */,
				94E26F231C9A208E000AEAFE /* Pitch PerfectTests.xctest */,
				94E26F2E1C9A208E000AEAFE /* Pitch PerfectUITests.xctest */,
			);
			name = Products;
			sourceTree = "<group>";
		};
		94E26F111C9A208D000AEAFE /* Pitch Perfect */ = {
			isa = PBXGroup;
			children = (
				94E26F121C9A208D000AEAFE /* AppDelegate.swift */,
				94E26F141C9A208D000AEAFE /* RecordSoundsViewController.swift */,
				941DD7FE1C9F9D6D002767BF /* RecordedAudio.swift */,
				94E26F161C9A208D000AEAFE /* Main.storyboard */,
				941DD7F61C9A36D9002767BF /* PlaySoundsViewController.swift */,
				941DD7FC1C9C82F2002767BF /* Globals.swift */,
				94E26F191C9A208D000AEAFE /* Assets.xcassets */,
				94E26F1B1C9A208D000AEAFE /* LaunchScreen.storyboard */,
				94E26F1E1C9A208D000AEAFE /* Info.plist */,
				941DD7FA1C9B1FE4002767BF /* movie_quote.mp3 */,
			);
			path = "Pitch Perfect";
			sourceTree = "<group>";
		};
		94E26F261C9A208E000AEAFE /* Pitch PerfectTests */ = {
			isa = PBXGroup;
			children = (
				94E26F271C9A208E000AEAFE /* Pitch_PerfectTests.swift */,
				94E26F291C9A208E000AEAFE /* Info.plist */,
			);
			path = "Pitch PerfectTests";
			sourceTree = "<group>";
		};
		94E26F311C9A208E000AEAFE /* Pitch PerfectUITests */ = {
			isa = PBXGroup;
			children = (
				94E26F321C9A208E000AEAFE /* Pitch_PerfectUITests.swift */,
				94E26F341C9A208E000AEAFE /* Info.plist */,
			);
			path = "Pitch PerfectUITests";
			sourceTree = "<group>";
		};
/* End PBXGroup section */

/* Begin PBXNativeTarget section */
		94E26F0E1C9A208D000AEAFE /* Pitch Perfect */ = {
			isa = PBXNativeTarget;
			buildConfigurationList = 94E26F371C9A208E000AEAFE /* Build configuration list for PBXNativeTarget "Pitch Perfect" */;
			buildPhases = (
				94E26F0B1C9A208D000AEAFE /* Sources */,
				94E26F0C1C9A208D000AEAFE /* Frameworks */,
				94E26F0D1C9A208D000AEAFE /* Resources */,
			);
			buildRules = (
			);
			dependencies = (
			);
			name = "Pitch Perfect";
			productName = "Pitch Perfect";
			productReference = 94E26F0F1C9A208D000AEAFE /* Pitch Perfect.app */;
			productType = "com.apple.product-type.application";
		};
		94E26F221C9A208E000AEAFE /* Pitch PerfectTests */ = {
			isa = PBXNativeTarget;
			buildConfigurationList = 94E26F3A1C9A208E000AEAFE /* Build configuration list for PBXNativeTarget "Pitch PerfectTests" */;
			buildPhases = (
				94E26F1F1C9A208E000AEAFE /* Sources */,
				94E26F201C9A208E000AEAFE /* Frameworks */,
				94E26F211C9A208E000AEAFE /* Resources */,
			);
			buildRules = (
			);
			dependencies = (
				94E26F251C9A208E000AEAFE /* PBXTargetDependency */,
			);
			name = "Pitch PerfectTests";
			productName = "Pitch PerfectTests";
			productReference = 94E26F231C9A208E000AEAFE /* Pitch PerfectTests.xctest */;
			productType = "com.apple.product-type.bundle.unit-test";
		};
		94E26F2D1C9A208E000AEAFE /* Pitch PerfectUITests */ = {
			isa = PBXNativeTarget;
			buildConfigurationList = 94E26F3D1C9A208E000AEAFE /* Build configuration list for PBXNativeTarget "Pitch PerfectUITests" */;
			buildPhases = (
				94E26F2A1C9A208E000AEAFE /* Sources */,
				94E26F2B1C9A208E000AEAFE /* Frameworks */,
				94E26F2C1C9A208E000AEAFE /* Resources */,
			);
			buildRules = (
			);
			dependencies = (
				94E26F301C9A208E000AEAFE /* PBXTargetDependency */,
			);
			name = "Pitch PerfectUITests";
			productName = "Pitch PerfectUITests";
			productReference = 94E26F2E1C9A208E000AEAFE /* Pitch PerfectUITests.xctest */;
			productType = "com.apple.product-type.bundle.ui-testing";
		};
/* End PBXNativeTarget section */

/* Begin PBXProject section */
		94E26F071C9A208D000AEAFE /* Project object */ = {
			isa = PBXProject;
			attributes = {
				LastSwiftUpdateCheck = 0720;
				LastUpgradeCheck = 0720;
				ORGANIZATIONNAME = "Amelia Boli";
				TargetAttributes = {
					94E26F0E1C9A208D000AEAFE = {
						CreatedOnToolsVersion = 7.2.1;
						DevelopmentTeam = ZEE8KAFFYS;
					};
					94E26F221C9A208E000AEAFE = {
						CreatedOnToolsVersion = 7.2.1;
						TestTargetID = 94E26F0E1C9A208D000AEAFE;
					};
					94E26F2D1C9A208E000AEAFE = {
						CreatedOnToolsVersion = 7.2.1;
						TestTargetID = 94E26F0E1C9A208D000AEAFE;
					};
				};
			};
			buildConfigurationList = 94E26F0A1C9A208D000AEAFE /* Build configuration list for PBXProject "Pitch Perfect" */;
			compatibilityVersion = "Xcode 3.2";
			developmentRegion = English;
			hasScannedForEncodings = 0;
			knownRegions = (
				en,
				Base,
			);
			mainGroup = 94E26F061C9A208D000AEAFE;
			productRefGroup = 94E26F101C9A208D000AEAFE /* Products */;
			projectDirPath = "";
			projectRoot = "";
			targets = (
				94E26F0E1C9A208D000AEAFE /* Pitch Perfect */,
				94E26F221C9A208E000AEAFE /* Pitch PerfectTests */,
				94E26F2D1C9A208E000AEAFE /* Pitch PerfectUITests */,
			);
		};
/* End PBXProject section */

/* Begin PBXResourcesBuildPhase section */
		94E26F0D1C9A208D000AEAFE /* Resources */ = {
			isa = PBXResourcesBuildPhase;
			buildActionMask = 2147483647;
			files = (
				94E26F1D1C9A208D000AEAFE /* LaunchScreen.storyboard in Resources */,
				94E26F1A1C9A208D000AEAFE /* Assets.xcassets in Resources */,
				941DD7FB1C9B1FE4002767BF /* movie_quote.mp3 in Resources */,
				94E26F181C9A208D000AEAFE /* Main.storyboard in Resources */,
			);
			runOnlyForDeploymentPostprocessing = 0;
		};
		94E26F211C9A208E000AEAFE /* Resources */ = {
			isa = PBXResourcesBuildPhase;
			buildActionMask = 2147483647;
			files = (
			);
			runOnlyForDeploymentPostprocessing = 0;
		};
		94E26F2C1C9A208E000AEAFE /* Resources */ = {
			isa = PBXResourcesBuildPhase;
			buildActionMask = 2147483647;
			files = (
			);
			runOnlyForDeploymentPostprocessing = 0;
		};
/* End PBXResourcesBuildPhase section */

/* Begin PBXSourcesBuildPhase section */
		94E26F0B1C9A208D000AEAFE /* Sources */ = {
			isa = PBXSourcesBuildPhase;
			buildActionMask = 2147483647;
			files = (
				941DD7FD1C9C82F2002767BF /* Globals.swift in Sources */,
				94E26F151C9A208D000AEAFE /* RecordSoundsViewController.swift in Sources */,
				941DD7F71C9A36D9002767BF /* PlaySoundsViewController.swift in Sources */,
				94E26F131C9A208D000AEAFE /* AppDelegate.swift in Sources */,
				941DD7FF1C9F9D6D002767BF /* RecordedAudio.swift in Sources */,
			);
			runOnlyForDeploymentPostprocessing = 0;
		};
		94E26F1F1C9A208E000AEAFE /* Sources */ = {
			isa = PBXSourcesBuildPhase;
			buildActionMask = 2147483647;
			files = (
				94E26F281C9A208E000AEAFE /* Pitch_PerfectTests.swift in Sources */,
			);
			runOnlyForDeploymentPostprocessing = 0;
		};
		94E26F2A1C9A208E000AEAFE /* Sources */ = {
			isa = PBXSourcesBuildPhase;
			buildActionMask = 2147483647;
			files = (
				94E26F331C9A208E000AEAFE /* Pitch_PerfectUITests.swift in Sources */,
			);
			runOnlyForDeploymentPostprocessing = 0;
		};
/* End PBXSourcesBuildPhase section */

/* Begin PBXTargetDependency section */
		94E26F251C9A208E000AEAFE /* PBXTargetDependency */ = {
			isa = PBXTargetDependency;
			target = 94E26F0E1C9A208D000AEAFE /* Pitch Perfect */;
			targetProxy = 94E26F241C9A208E000AEAFE /* PBXContainerItemProxy */;
		};
		94E26F301C9A208E000AEAFE /* PBXTargetDependency */ = {
			isa = PBXTargetDependency;
			target = 94E26F0E1C9A208D000AEAFE /* Pitch Perfect */;
			targetProxy = 94E26F2F1C9A208E000AEAFE /* PBXContainerItemProxy */;
		};
/* End PBXTargetDependency section */

/* Begin PBXVariantGroup section */
		94E26F161C9A208D000AEAFE /* Main.storyboard */ = {
			isa = PBXVariantGroup;
			children = (
				94E26F171C9A208D000AEAFE /* Base */,
			);
			name = Main.storyboard;
			sourceTree = "<group>";
		};
		94E26F1B1C9A208D000AEAFE /* LaunchScreen.storyboard */ = {
			isa = PBXVariantGroup;
			children = (
				94E26F1C1C9A208D000AEAFE /* Base */,
			);
			name = LaunchScreen.storyboard;
			sourceTree = "<group>";
		};
/* End PBXVariantGroup section */

/* Begin XCBuildConfiguration section */
		94E26F351C9A208E000AEAFE /* Debug */ = {
			isa = XCBuildConfiguration;
			buildSettings = {
				ALWAYS_SEARCH_USER_PATHS = NO;
				CLANG_CXX_LANGUAGE_STANDARD = "gnu++0x";
				CLANG_CXX_LIBRARY = "libc++";
				CLANG_ENABLE_MODULES = YES;
				CLANG_ENABLE_OBJC_ARC = YES;
				CLANG_WARN_BOOL_CONVERSION = YES;
				CLANG_WARN_CONSTANT_CONVERSION = YES;
				CLANG_WARN_DIRECT_OBJC_ISA_USAGE = YES_ERROR;
				CLANG_WARN_EMPTY_BODY = YES;
				CLANG_WARN_ENUM_CONVERSION = YES;
				CLANG_WARN_INT_CONVERSION = YES;
				CLANG_WARN_OBJC_ROOT_CLASS = YES_ERROR;
				CLANG_WARN_UNREACHABLE_CODE = YES;
				CLANG_WARN__DUPLICATE_METHOD_MATCH = YES;
				"CODE_SIGN_IDENTITY[sdk=iphoneos*]" = "iPhone Developer";
				COPY_PHASE_STRIP = NO;
				DEBUG_INFORMATION_FORMAT = dwarf;
				ENABLE_STRICT_OBJC_MSGSEND = YES;
				ENABLE_TESTABILITY = YES;
				GCC_C_LANGUAGE_STANDARD = gnu99;
				GCC_DYNAMIC_NO_PIC = NO;
				GCC_NO_COMMON_BLOCKS = YES;
				GCC_OPTIMIZATION_LEVEL = 0;
				GCC_PREPROCESSOR_DEFINITIONS = (
					"DEBUG=1",
					"$(inherited)",
				);
				GCC_WARN_64_TO_32_BIT_CONVERSION = YES;
				GCC_WARN_ABOUT_RETURN_TYPE = YES_ERROR;
				GCC_WARN_UNDECLARED_SELECTOR = YES;
				GCC_WARN_UNINITIALIZED_AUTOS = YES_AGGRESSIVE;
				GCC_WARN_UNUSED_FUNCTION = YES;
				GCC_WARN_UNUSED_VARIABLE = YES;
				IPHONEOS_DEPLOYMENT_TARGET = 9.2;
				MTL_ENABLE_DEBUG_INFO = YES;
				ONLY_ACTIVE_ARCH = YES;
				SDKROOT = iphoneos;
				SWIFT_OPTIMIZATION_LEVEL = "-Onone";
			};
			name = Debug;
		};
		94E26F361C9A208E000AEAFE /* Release */ = {
			isa = XCBuildConfiguration;
			buildSettings = {
				ALWAYS_SEARCH_USER_PATHS = NO;
				CLANG_CXX_LANGUAGE_STANDARD = "gnu++0x";
				CLANG_CXX_LIBRARY = "libc++";
				CLANG_ENABLE_MODULES = YES;
				CLANG_ENABLE_OBJC_ARC = YES;
				CLANG_WARN_BOOL_CONVERSION = YES;
				CLANG_WARN_CONSTANT_CONVERSION = YES;
				CLANG_WARN_DIRECT_OBJC_ISA_USAGE = YES_ERROR;
				CLANG_WARN_EMPTY_BODY = YES;
				CLANG_WARN_ENUM_CONVERSION = YES;
				CLANG_WARN_INT_CONVERSION = YES;
				CLANG_WARN_OBJC_ROOT_CLASS = YES_ERROR;
				CLANG_WARN_UNREACHABLE_CODE = YES;
				CLANG_WARN__DUPLICATE_METHOD_MATCH = YES;
				"CODE_SIGN_IDENTITY[sdk=iphoneos*]" = "iPhone Developer";
				COPY_PHASE_STRIP = NO;
				DEBUG_INFORMATION_FORMAT = "dwarf-with-dsym";
				ENABLE_NS_ASSERTIONS = NO;
				ENABLE_STRICT_OBJC_MSGSEND = YES;
				GCC_C_LANGUAGE_STANDARD = gnu99;
				GCC_NO_COMMON_BLOCKS = YES;
				GCC_WARN_64_TO_32_BIT_CONVERSION = YES;
				GCC_WARN_ABOUT_RETURN_TYPE = YES_ERROR;
				GCC_WARN_UNDECLARED_SELECTOR = YES;
				GCC_WARN_UNINITIALIZED_AUTOS = YES_AGGRESSIVE;
				GCC_WARN_UNUSED_FUNCTION = YES;
				GCC_WARN_UNUSED_VARIABLE = YES;
				IPHONEOS_DEPLOYMENT_TARGET = 9.2;
				MTL_ENABLE_DEBUG_INFO = NO;
				SDKROOT = iphoneos;
				VALIDATE_PRODUCT = YES;
			};
			name = Release;
		};
		94E26F381C9A208E000AEAFE /* Debug */ = {
			isa = XCBuildConfiguration;
			buildSettings = {
				ASSETCATALOG_COMPILER_APPICON_NAME = AppIcon;
				CODE_SIGN_IDENTITY = "iPhone Developer";
				"CODE_SIGN_IDENTITY[sdk=iphoneos*]" = "iPhone Developer";
				INFOPLIST_FILE = "Pitch Perfect/Info.plist";
				LD_RUNPATH_SEARCH_PATHS = "$(inherited) @executable_path/Frameworks";
				PRODUCT_BUNDLE_IDENTIFIER = "com.Amelia-Boli.Pitch-Perfect";
				PRODUCT_NAME = "$(TARGET_NAME)";
				PROVISIONING_PROFILE = "";
				TARGETED_DEVICE_FAMILY = "1,2";
			};
			name = Debug;
		};
		94E26F391C9A208E000AEAFE /* Release */ = {
			isa = XCBuildConfiguration;
			buildSettings = {
				ASSETCATALOG_COMPILER_APPICON_NAME = AppIcon;
				CODE_SIGN_IDENTITY = "iPhone Developer";
				"CODE_SIGN_IDENTITY[sdk=iphoneos*]" = "iPhone Developer";
				INFOPLIST_FILE = "Pitch Perfect/Info.plist";
				LD_RUNPATH_SEARCH_PATHS = "$(inherited) @executable_path/Frameworks";
				PRODUCT_BUNDLE_IDENTIFIER = "com.Amelia-Boli.Pitch-Perfect";
				PRODUCT_NAME = "$(TARGET_NAME)";
				PROVISIONING_PROFILE = "";
				TARGETED_DEVICE_FAMILY = "1,2";
			};
			name = Release;
		};
		94E26F3B1C9A208E000AEAFE /* Debug */ = {
			isa = XCBuildConfiguration;
			buildSettings = {
				BUNDLE_LOADER = "$(TEST_HOST)";
				INFOPLIST_FILE = "Pitch PerfectTests/Info.plist";
				LD_RUNPATH_SEARCH_PATHS = "$(inherited) @executable_path/Frameworks @loader_path/Frameworks";
				PRODUCT_BUNDLE_IDENTIFIER = "com.Amelia-Boli.Pitch-PerfectTests";
				PRODUCT_NAME = "$(TARGET_NAME)";
				TEST_HOST = "$(BUILT_PRODUCTS_DIR)/Pitch Perfect.app/Pitch Perfect";
			};
			name = Debug;
		};
		94E26F3C1C9A208E000AEAFE /* Release */ = {
			isa = XCBuildConfiguration;
			buildSettings = {
				BUNDLE_LOADER = "$(TEST_HOST)";
				INFOPLIST_FILE = "Pitch PerfectTests/Info.plist";
				LD_RUNPATH_SEARCH_PATHS = "$(inherited) @executable_path/Frameworks @loader_path/Frameworks";
				PRODUCT_BUNDLE_IDENTIFIER = "com.Amelia-Boli.Pitch-PerfectTests";
				PRODUCT_NAME = "$(TARGET_NAME)";
				TEST_HOST = "$(BUILT_PRODUCTS_DIR)/Pitch Perfect.app/Pitch Perfect";
			};
			name = Release;
		};
		94E26F3E1C9A208E000AEAFE /* Debug */ = {
			isa = XCBuildConfiguration;
			buildSettings = {
				INFOPLIST_FILE = "Pitch PerfectUITests/Info.plist";
				LD_RUNPATH_SEARCH_PATHS = "$(inherited) @executable_path/Frameworks @loader_path/Frameworks";
				PRODUCT_BUNDLE_IDENTIFIER = "com.Amelia-Boli.Pitch-PerfectUITests";
				PRODUCT_NAME = "$(TARGET_NAME)";
				TEST_TARGET_NAME = "Pitch Perfect";
				USES_XCTRUNNER = YES;
			};
			name = Debug;
		};
		94E26F3F1C9A208E000AEAFE /* Release */ = {
			isa = XCBuildConfiguration;
			buildSettings = {
				INFOPLIST_FILE = "Pitch PerfectUITests/Info.plist";
				LD_RUNPATH_SEARCH_PATHS = "$(inherited) @executable_path/Frameworks @loader_path/Frameworks";
				PRODUCT_BUNDLE_IDENTIFIER = "com.Amelia-Boli.Pitch-PerfectUITests";
				PRODUCT_NAME = "$(TARGET_NAME)";
				TEST_TARGET_NAME = "Pitch Perfect";
				USES_XCTRUNNER = YES;
			};
			name = Release;
		};
/* End XCBuildConfiguration section */

/* Begin XCConfigurationList section */
		94E26F0A1C9A208D000AEAFE /* Build configuration list for PBXProject "Pitch Perfect" */ = {
			isa = XCConfigurationList;
			buildConfigurations = (
				94E26F351C9A208E000AEAFE /* Debug */,
				94E26F361C9A208E000AEAFE /* Release */,
			);
			defaultConfigurationIsVisible = 0;
			defaultConfigurationName = Release;
		};
		94E26F371C9A208E000AEAFE /* Build configuration list for PBXNativeTarget "Pitch Perfect" */ = {
			isa = XCConfigurationList;
			buildConfigurations = (
				94E26F381C9A208E000AEAFE /* Debug */,
				94E26F391C9A208E000AEAFE /* Release */,
			);
			defaultConfigurationIsVisible = 0;
			defaultConfigurationName = Release;
		};
		94E26F3A1C9A208E000AEAFE /* Build configuration list for PBXNativeTarget "Pitch PerfectTests" */ = {
			isa = XCConfigurationList;
			buildConfigurations = (
				94E26F3B1C9A208E000AEAFE /* Debug */,
				94E26F3C1C9A208E000AEAFE /* Release */,
			);
			defaultConfigurationIsVisible = 0;
			defaultConfigurationName = Release;
		};
		94E26F3D1C9A208E000AEAFE /* Build configuration list for PBXNativeTarget "Pitch PerfectUITests" */ = {
			isa = XCConfigurationList;
			buildConfigurations = (
				94E26F3E1C9A208E000AEAFE /* Debug */,
				94E26F3F1C9A208E000AEAFE /* Release */,
			);
			defaultConfigurationIsVisible = 0;
			defaultConfigurationName = Release;
		};
/* End XCConfigurationList section */
	};
	rootObject = 94E26F071C9A208D000AEAFE /* Project object */;
}
